// !$*UTF8*$!
{
	archiveVersion = 1;
	classes = {
	};
	objectVersion = 46;
	objects = {

/* Begin PBXBuildFile section */
		146DB9BD1C6D399D0098AB8A /* AppDelegate.swift in Sources */ = {isa = PBXBuildFile; fileRef = 146DB9BC1C6D399D0098AB8A /* AppDelegate.swift */; };
		146DB9BF1C6D399D0098AB8A /* ViewController.swift in Sources */ = {isa = PBXBuildFile; fileRef = 146DB9BE1C6D399D0098AB8A /* ViewController.swift */; };
		146DB9C21C6D399D0098AB8A /* Main.storyboard in Resources */ = {isa = PBXBuildFile; fileRef = 146DB9C01C6D399D0098AB8A /* Main.storyboard */; };
		146DB9C41C6D399D0098AB8A /* Assets.xcassets in Resources */ = {isa = PBXBuildFile; fileRef = 146DB9C31C6D399D0098AB8A /* Assets.xcassets */; };
		146DB9C71C6D399D0098AB8A /* LaunchScreen.storyboard in Resources */ = {isa = PBXBuildFile; fileRef = 146DB9C51C6D399D0098AB8A /* LaunchScreen.storyboard */; };
/* End PBXBuildFile section */

/* Begin PBXFileReference section */
		146DB9B91C6D399D0098AB8A /* QuizSwiftStyle.app */ = {isa = PBXFileReference; explicitFileType = wrapper.application; includeInIndex = 0; path = QuizSwiftStyle.app; sourceTree = BUILT_PRODUCTS_DIR; };
		146DB9BC1C6D399D0098AB8A /* AppDelegate.swift */ = {isa = PBXFileReference; lastKnownFileType = sourcecode.swift; path = AppDelegate.swift; sourceTree = "<group>"; };
		146DB9BE1C6D399D0098AB8A /* ViewController.swift */ = {isa = PBXFileReference; lastKnownFileType = sourcecode.swift; path = ViewController.swift; sourceTree = "<group>"; };
		146DB9C11C6D399D0098AB8A /* Base */ = {isa = PBXFileReference; lastKnownFileType = file.storyboard; name = Base; path = Base.lproj/Main.storyboard; sourceTree = "<group>"; };
		146DB9C31C6D399D0098AB8A /* Assets.xcassets */ = {isa = PBXFileReference; lastKnownFileType = folder.assetcatalog; path = Assets.xcassets; sourceTree = "<group>"; };
		146DB9C61C6D399D0098AB8A /* Base */ = {isa = PBXFileReference; lastKnownFileType = file.storyboard; name = Base; path = Base.lproj/LaunchScreen.storyboard; sourceTree = "<group>"; };
		146DB9C81C6D399D0098AB8A /* Info.plist */ = {isa = PBXFileReference; lastKnownFileType = text.plist.xml; path = Info.plist; sourceTree = "<group>"; };
/* End PBXFileReference section */

/* Begin PBXFrameworksBuildPhase section */
		146DB9B61C6D399C0098AB8A /* Frameworks */ = {
			isa = PBXFrameworksBuildPhase;
			buildActionMask = 2147483647;
			files = (
			);
			runOnlyForDeploymentPostprocessing = 0;
		};
/* End PBXFrameworksBuildPhase section */

/* Begin PBXGroup section */
		146DB9B01C6D399C0098AB8A = {
			isa = PBXGroup;
			children = (
				146DB9BB1C6D399D0098AB8A /* QuizSwiftStyle */,
				146DB9BA1C6D399D0098AB8A /* Products */,
			);
			sourceTree = "<group>";
		};
		146DB9BA1C6D399D0098AB8A /* Products */ = {
			isa = PBXGroup;
			children = (
				146DB9B91C6D399D0098AB8A /* QuizSwiftStyle.app */,
			);
			name = Products;
			sourceTree = "<group>";
		};
		146DB9BB1C6D399D0098AB8A /* QuizSwiftStyle */ = {
			isa = PBXGroup;
			children = (
				146DB9BC1C6D399D0098AB8A /* AppDelegate.swift */,
				146DB9BE1C6D399D0098AB8A /* ViewController.swift */,
				146DB9C01C6D399D0098AB8A /* Main.storyboard */,
				146DB9C31C6D399D0098AB8A /* Assets.xcassets */,
				146DB9C51C6D399D0098AB8A /* LaunchScreen.storyboard */,
				146DB9C81C6D399D0098AB8A /* Info.plist */,
			);
			path = QuizSwiftStyle;
			sourceTree = "<group>";
		};
/* End PBXGroup section */

/* Begin PBXNativeTarget section */
		146DB9B81C6D399C0098AB8A /* QuizSwiftStyle */ = {
			isa = PBXNativeTarget;
			buildConfigurationList = 146DB9CB1C6D399D0098AB8A /* Build configuration list for PBXNativeTarget "QuizSwiftStyle" */;
			buildPhases = (
				146DB9B51C6D399C0098AB8A /* Sources */,
				146DB9B61C6D399C0098AB8A /* Frameworks */,
				146DB9B71C6D399C0098AB8A /* Resources */,
			);
			buildRules = (
			);
			dependencies = (
			);
			name = QuizSwiftStyle;
			productName = QuizSwiftStyle;
			productReference = 146DB9B91C6D399D0098AB8A /* QuizSwiftStyle.app */;
			productType = "com.apple.product-type.application";
		};
/* End PBXNativeTarget section */

/* Begin PBXProject section */
		146DB9B11C6D399C0098AB8A /* Project object */ = {
			isa = PBXProject;
			attributes = {
				LastSwiftUpdateCheck = 0720;
				LastUpgradeCheck = 0720;
				ORGANIZATIONNAME = Jen;
				TargetAttributes = {
					146DB9B81C6D399C0098AB8A = {
						CreatedOnToolsVersion = 7.2.1;
					};
				};
			};
			buildConfigurationList = 146DB9B41C6D399C0098AB8A /* Build configuration list for PBXProject "QuizSwiftStyle" */;
			compatibilityVersion = "Xcode 3.2";
			developmentRegion = English;
			hasScannedForEncodings = 0;
			knownRegions = (
				en,
				Base,
			);
			mainGroup = 146DB9B01C6D399C0098AB8A;
			productRefGroup = 146DB9BA1C6D399D0098AB8A /* Products */;
			projectDirPath = "";
			projectRoot = "";
			targets = (
				146DB9B81C6D399C0098AB8A /* QuizSwiftStyle */,
			);
		};
/* End PBXProject section */

/* Begin PBXResourcesBuildPhase section */
		146DB9B71C6D399C0098AB8A /* Resources */ = {
			isa = PBXResourcesBuildPhase;
			buildActionMask = 2147483647;
			files = (
				146DB9C71C6D399D0098AB8A /* LaunchScreen.storyboard in Resources */,
				146DB9C41C6D399D0098AB8A /* Assets.xcassets in Resources */,
				146DB9C21C6D399D0098AB8A /* Main.storyboard in Resources */,
			);
			runOnlyForDeploymentPostprocessing = 0;
		};
/* End PBXResourcesBuildPhase section */

/* Begin PBXSourcesBuildPhase section */
		146DB9B51C6D399C0098AB8A /* Sources */ = {
			isa = PBXSourcesBuildPhase;
			buildActionMask = 2147483647;
			files = (
				146DB9BF1C6D399D0098AB8A /* ViewController.swift in Sources */,
				146DB9BD1C6D399D0098AB8A /* AppDelegate.swift in Sources */,
			);
			runOnlyForDeploymentPostprocessing = 0;
		};
/* End PBXSourcesBuildPhase section */

/* Begin PBXVariantGroup section */
		146DB9C01C6D399D0098AB8A /* Main.storyboard */ = {
			isa = PBXVariantGroup;
			children = (
				146DB9C11C6D399D0098AB8A /* Base */,
			);
			name = Main.storyboard;
			sourceTree = "<group>";
		};
		146DB9C51C6D399D0098AB8A /* LaunchScreen.storyboard */ = {
			isa = PBXVariantGroup;
			children = (
				146DB9C61C6D399D0098AB8A /* Base */,
			);
			name = LaunchScreen.storyboard;
			sourceTree = "<group>";
		};
/* End PBXVariantGroup section */

/* Begin XCBuildConfiguration section */
		146DB9C91C6D399D0098AB8A /* Debug */ = {
			isa = XCBuildConfiguration;
			buildSettings = {
				ALWAYS_SEARCH_USER_PATHS = NO;
				CLANG_CXX_LANGUAGE_STANDARD = "gnu++0x";
				CLANG_CXX_LIBRARY = "libc++";
				CLANG_ENABLE_MODULES = YES;
				CLANG_ENABLE_OBJC_ARC = YES;
				CLANG_WARN_BOOL_CONVERSION = YES;
				CLANG_WARN_CONSTANT_CONVERSION = YES;
				CLANG_WARN_DIRECT_OBJC_ISA_USAGE = YES_ERROR;
				CLANG_WARN_EMPTY_BODY = YES;
				CLANG_WARN_ENUM_CONVERSION = YES;
				CLANG_WARN_INT_CONVERSION = YES;
				CLANG_WARN_OBJC_ROOT_CLASS = YES_ERROR;
				CLANG_WARN_UNREACHABLE_CODE = YES;
				CLANG_WARN__DUPLICATE_METHOD_MATCH = YES;
				"CODE_SIGN_IDENTITY[sdk=iphoneos*]" = "iPhone Developer";
				COPY_PHASE_STRIP = NO;
				DEBUG_INFORMATION_FORMAT = dwarf;
				ENABLE_STRICT_OBJC_MSGSEND = YES;
				ENABLE_TESTABILITY = YES;
				GCC_C_LANGUAGE_STANDARD = gnu99;
				GCC_DYNAMIC_NO_PIC = NO;
				GCC_NO_COMMON_BLOCKS = YES;
				GCC_OPTIMIZATION_LEVEL = 0;
				GCC_PREPROCESSOR_DEFINITIONS = (
					"DEBUG=1",
					"$(inherited)",
				);
				GCC_WARN_64_TO_32_BIT_CONVERSION = YES;
				GCC_WARN_ABOUT_RETURN_TYPE = YES_ERROR;
				GCC_WARN_UNDECLARED_SELECTOR = YES;
				GCC_WARN_UNINITIALIZED_AUTOS = YES_AGGRESSIVE;
				GCC_WARN_UNUSED_FUNCTION = YES;
				GCC_WARN_UNUSED_VARIABLE = YES;
				IPHONEOS_DEPLOYMENT_TARGET = 9.2;
				MTL_ENABLE_DEBUG_INFO = YES;
				ONLY_ACTIVE_ARCH = YES;
				SDKROOT = iphoneos;
				SWIFT_OPTIMIZATION_LEVEL = "-Onone";
				TARGETED_DEVICE_FAMILY = "1,2";
			};
			name = Debug;
		};
		146DB9CA1C6D399D0098AB8A /* Release */ = {
			isa = XCBuildConfiguration;
			buildSettings = {
				ALWAYS_SEARCH_USER_PATHS = NO;
				CLANG_CXX_LANGUAGE_STANDARD = "gnu++0x";
				CLANG_CXX_LIBRARY = "libc++";
				CLANG_ENABLE_MODULES = YES;
				CLANG_ENABLE_OBJC_ARC = YES;
				CLANG_WARN_BOOL_CONVERSION = YES;
				CLANG_WARN_CONSTANT_CONVERSION = YES;
				CLANG_WARN_DIRECT_OBJC_ISA_USAGE = YES_ERROR;
				CLANG_WARN_EMPTY_BODY = YES;
				CLANG_WARN_ENUM_CONVERSION = YES;
				CLANG_WARN_INT_CONVERSION = YES;
				CLANG_WARN_OBJC_ROOT_CLASS = YES_ERROR;
				CLANG_WARN_UNREACHABLE_CODE = YES;
				CLANG_WARN__DUPLICATE_METHOD_MATCH = YES;
				"CODE_SIGN_IDENTITY[sdk=iphoneos*]" = "iPhone Developer";
				COPY_PHASE_STRIP = NO;
				DEBUG_INFORMATION_FORMAT = "dwarf-with-dsym";
				ENABLE_NS_ASSERTIONS = NO;
				ENABLE_STRICT_OBJC_MSGSEND = YES;
				GCC_C_LANGUAGE_STANDARD = gnu99;
				GCC_NO_COMMON_BLOCKS = YES;
				GCC_WARN_64_TO_32_BIT_CONVERSION = YES;
				GCC_WARN_ABOUT_RETURN_TYPE = YES_ERROR;
				GCC_WARN_UNDECLARED_SELECTOR = YES;
				GCC_WARN_UNINITIALIZED_AUTOS = YES_AGGRESSIVE;
				GCC_WARN_UNUSED_FUNCTION = YES;
				GCC_WARN_UNUSED_VARIABLE = YES;
				IPHONEOS_DEPLOYMENT_TARGET = 9.2;
				MTL_ENABLE_DEBUG_INFO = NO;
				SDKROOT = iphoneos;
				TARGETED_DEVICE_FAMILY = "1,2";
				VALIDATE_PRODUCT = YES;
			};
			name = Release;
		};
		146DB9CC1C6D399D0098AB8A /* Debug */ = {
			isa = XCBuildConfiguration;
			buildSettings = {
				ASSETCATALOG_COMPILER_APPICON_NAME = AppIcon;
				INFOPLIST_FILE = QuizSwiftStyle/Info.plist;
				LD_RUNPATH_SEARCH_PATHS = "$(inherited) @executable_path/Frameworks";
				PRODUCT_BUNDLE_IDENTIFIER = knitSticks.QuizSwiftStyle;
				PRODUCT_NAME = "$(TARGET_NAME)";
			};
			name = Debug;
		};
		146DB9CD1C6D399D0098AB8A /* Release */ = {
			isa = XCBuildConfiguration;
			buildSettings = {
				ASSETCATALOG_COMPILER_APPICON_NAME = AppIcon;
				INFOPLIST_FILE = QuizSwiftStyle/Info.plist;
				LD_RUNPATH_SEARCH_PATHS = "$(inherited) @executable_path/Frameworks";
				PRODUCT_BUNDLE_IDENTIFIER = knitSticks.QuizSwiftStyle;
				PRODUCT_NAME = "$(TARGET_NAME)";
			};
			name = Release;
		};
/* End XCBuildConfiguration section */

/* Begin XCConfigurationList section */
		146DB9B41C6D399C0098AB8A /* Build configuration list for PBXProject "QuizSwiftStyle" */ = {
			isa = XCConfigurationList;
			buildConfigurations = (
				146DB9C91C6D399D0098AB8A /* Debug */,
				146DB9CA1C6D399D0098AB8A /* Release */,
			);
			defaultConfigurationIsVisible = 0;
			defaultConfigurationName = Release;
		};
		146DB9CB1C6D399D0098AB8A /* Build configuration list for PBXNativeTarget "QuizSwiftStyle" */ = {
			isa = XCConfigurationList;
			buildConfigurations = (
				146DB9CC1C6D399D0098AB8A /* Debug */,
				146DB9CD1C6D399D0098AB8A /* Release */,
			);
			defaultConfigurationIsVisible = 0;
		};
/* End XCConfigurationList section */
	};
	rootObject = 146DB9B11C6D399C0098AB8A /* Project object */;
}
